
Microsoft Visual Studio Solution File, Format Version 12.00
# Visual Studio Version 16
VisualStudioVersion = 16.0.30611.23
MinimumVisualStudioVersion = 10.0.40219.1
Project("{9A19103F-16F7-4668-BE54-9A1E7A4F7556}") = "LiveReloadRepro", "LiveReloadRepro\LiveReloadRepro.csproj", "{5DFB64C7-C0CE-40F9-9DDB-407D0B428066}"
EndProject
Global
	GlobalSection(SolutionConfigurationPlatforms) = preSolution
		Debug|Any CPU = Debug|Any CPU
		Release|Any CPU = Release|Any CPU
	EndGlobalSection
	GlobalSection(ProjectConfigurationPlatforms) = postSolution
		{5DFB64C7-C0CE-40F9-9DDB-407D0B428066}.Debug|Any CPU.ActiveCfg = Debug|Any CPU
		{5DFB64C7-C0CE-40F9-9DDB-407D0B428066}.Debug|Any CPU.Build.0 = Debug|Any CPU
		{5DFB64C7-C0CE-40F9-9DDB-407D0B428066}.Release|Any CPU.ActiveCfg = Release|Any CPU
		{5DFB64C7-C0CE-40F9-9DDB-407D0B428066}.Release|Any CPU.Build.0 = Release|Any CPU
	EndGlobalSection
	GlobalSection(SolutionProperties) = preSolution
		HideSolutionNode = FALSE
	EndGlobalSection
	GlobalSection(ExtensibilityGlobals) = postSolution
		SolutionGuid = {8C9F1965-4805-4A51-99B8-E448402D892D}
	EndGlobalSection
EndGlobal
